
Microsoft Visual Studio Solution File, Format Version 12.00
# Visual Studio Version 17
VisualStudioVersion = 17.0.31903.59
MinimumVisualStudioVersion = 10.0.40219.1
Project("{FAE04EC0-301F-11D3-BF4B-00C04F79EFBC}") = "day01", "day01\day01.csproj", "{8C4BCBA4-5D52-4D00-918C-591636F3E700}"
EndProject
Project("{FAE04EC0-301F-11D3-BF4B-00C04F79EFBC}") = "day02", "day02\day02.csproj", "{F78A6B96-1721-4D5E-969D-C7898E6D1A02}"
EndProject
Project("{FAE04EC0-301F-11D3-BF4B-00C04F79EFBC}") = "day03", "day03\day03.csproj", "{DB4AC818-19FF-4D3A-9915-2465B9792CD4}"
EndProject
Project("{FAE04EC0-301F-11D3-BF4B-00C04F79EFBC}") = "day04", "day04\day04.csproj", "{68F95139-1E91-4860-B258-C72DB2013B87}"
EndProject
Project("{FAE04EC0-301F-11D3-BF4B-00C04F79EFBC}") = "day05", "day05\day05.csproj", "{BAB806F7-FF30-42B9-A95B-459C763667DD}"
EndProject
Project("{FAE04EC0-301F-11D3-BF4B-00C04F79EFBC}") = "day06", "day06\day06.csproj", "{EF38E451-8E71-4908-9DC8-FB0338AD2831}"
EndProject
Project("{FAE04EC0-301F-11D3-BF4B-00C04F79EFBC}") = "day07", "day07\day07.csproj", "{48ABE60B-AA9F-44C3-B3FC-CE37A5657D4F}"
EndProject
Project("{FAE04EC0-301F-11D3-BF4B-00C04F79EFBC}") = "day08", "day08\day08.csproj", "{2FE4279A-36CC-41DA-9789-C62F7E66B775}"
EndProject
Project("{FAE04EC0-301F-11D3-BF4B-00C04F79EFBC}") = "day09", "day09\day09.csproj", "{D7E7E694-976C-4E05-8702-09C36E3B3FF8}"
EndProject
Project("{FAE04EC0-301F-11D3-BF4B-00C04F79EFBC}") = "day10", "day10\day10.csproj", "{DE23FD4B-AD7E-4C6A-98BA-C147C972C072}"
EndProject
Project("{FAE04EC0-301F-11D3-BF4B-00C04F79EFBC}") = "day11", "day11\day11.csproj", "{E6C00282-DA9C-470C-9100-C35B4DA24FDD}"
EndProject
Global
	GlobalSection(SolutionConfigurationPlatforms) = preSolution
		Debug|Any CPU = Debug|Any CPU
		Release|Any CPU = Release|Any CPU
	EndGlobalSection
	GlobalSection(SolutionProperties) = preSolution
		HideSolutionNode = FALSE
	EndGlobalSection
	GlobalSection(ProjectConfigurationPlatforms) = postSolution
		{8C4BCBA4-5D52-4D00-918C-591636F3E700}.Debug|Any CPU.ActiveCfg = Debug|Any CPU
		{8C4BCBA4-5D52-4D00-918C-591636F3E700}.Debug|Any CPU.Build.0 = Debug|Any CPU
		{8C4BCBA4-5D52-4D00-918C-591636F3E700}.Release|Any CPU.ActiveCfg = Release|Any CPU
		{8C4BCBA4-5D52-4D00-918C-591636F3E700}.Release|Any CPU.Build.0 = Release|Any CPU
		{F78A6B96-1721-4D5E-969D-C7898E6D1A02}.Debug|Any CPU.ActiveCfg = Debug|Any CPU
		{F78A6B96-1721-4D5E-969D-C7898E6D1A02}.Debug|Any CPU.Build.0 = Debug|Any CPU
		{F78A6B96-1721-4D5E-969D-C7898E6D1A02}.Release|Any CPU.ActiveCfg = Release|Any CPU
		{F78A6B96-1721-4D5E-969D-C7898E6D1A02}.Release|Any CPU.Build.0 = Release|Any CPU
		{DB4AC818-19FF-4D3A-9915-2465B9792CD4}.Debug|Any CPU.ActiveCfg = Debug|Any CPU
		{DB4AC818-19FF-4D3A-9915-2465B9792CD4}.Debug|Any CPU.Build.0 = Debug|Any CPU
		{DB4AC818-19FF-4D3A-9915-2465B9792CD4}.Release|Any CPU.ActiveCfg = Release|Any CPU
		{DB4AC818-19FF-4D3A-9915-2465B9792CD4}.Release|Any CPU.Build.0 = Release|Any CPU
		{68F95139-1E91-4860-B258-C72DB2013B87}.Debug|Any CPU.ActiveCfg = Debug|Any CPU
		{68F95139-1E91-4860-B258-C72DB2013B87}.Debug|Any CPU.Build.0 = Debug|Any CPU
		{68F95139-1E91-4860-B258-C72DB2013B87}.Release|Any CPU.ActiveCfg = Release|Any CPU
		{68F95139-1E91-4860-B258-C72DB2013B87}.Release|Any CPU.Build.0 = Release|Any CPU
		{BAB806F7-FF30-42B9-A95B-459C763667DD}.Debug|Any CPU.ActiveCfg = Debug|Any CPU
		{BAB806F7-FF30-42B9-A95B-459C763667DD}.Debug|Any CPU.Build.0 = Debug|Any CPU
		{BAB806F7-FF30-42B9-A95B-459C763667DD}.Release|Any CPU.ActiveCfg = Release|Any CPU
		{BAB806F7-FF30-42B9-A95B-459C763667DD}.Release|Any CPU.Build.0 = Release|Any CPU
		{EF38E451-8E71-4908-9DC8-FB0338AD2831}.Debug|Any CPU.ActiveCfg = Debug|Any CPU
		{EF38E451-8E71-4908-9DC8-FB0338AD2831}.Debug|Any CPU.Build.0 = Debug|Any CPU
		{EF38E451-8E71-4908-9DC8-FB0338AD2831}.Release|Any CPU.ActiveCfg = Release|Any CPU
		{EF38E451-8E71-4908-9DC8-FB0338AD2831}.Release|Any CPU.Build.0 = Release|Any CPU
		{48ABE60B-AA9F-44C3-B3FC-CE37A5657D4F}.Debug|Any CPU.ActiveCfg = Debug|Any CPU
		{48ABE60B-AA9F-44C3-B3FC-CE37A5657D4F}.Debug|Any CPU.Build.0 = Debug|Any CPU
		{48ABE60B-AA9F-44C3-B3FC-CE37A5657D4F}.Release|Any CPU.ActiveCfg = Release|Any CPU
		{48ABE60B-AA9F-44C3-B3FC-CE37A5657D4F}.Release|Any CPU.Build.0 = Release|Any CPU
		{2FE4279A-36CC-41DA-9789-C62F7E66B775}.Debug|Any CPU.ActiveCfg = Debug|Any CPU
		{2FE4279A-36CC-41DA-9789-C62F7E66B775}.Debug|Any CPU.Build.0 = Debug|Any CPU
		{2FE4279A-36CC-41DA-9789-C62F7E66B775}.Release|Any CPU.ActiveCfg = Release|Any CPU
		{2FE4279A-36CC-41DA-9789-C62F7E66B775}.Release|Any CPU.Build.0 = Release|Any CPU
		{D7E7E694-976C-4E05-8702-09C36E3B3FF8}.Debug|Any CPU.ActiveCfg = Debug|Any CPU
		{D7E7E694-976C-4E05-8702-09C36E3B3FF8}.Debug|Any CPU.Build.0 = Debug|Any CPU
		{D7E7E694-976C-4E05-8702-09C36E3B3FF8}.Release|Any CPU.ActiveCfg = Release|Any CPU
		{D7E7E694-976C-4E05-8702-09C36E3B3FF8}.Release|Any CPU.Build.0 = Release|Any CPU
		{DE23FD4B-AD7E-4C6A-98BA-C147C972C072}.Debug|Any CPU.ActiveCfg = Debug|Any CPU
		{DE23FD4B-AD7E-4C6A-98BA-C147C972C072}.Debug|Any CPU.Build.0 = Debug|Any CPU
		{DE23FD4B-AD7E-4C6A-98BA-C147C972C072}.Release|Any CPU.ActiveCfg = Release|Any CPU
		{DE23FD4B-AD7E-4C6A-98BA-C147C972C072}.Release|Any CPU.Build.0 = Release|Any CPU
		{E6C00282-DA9C-470C-9100-C35B4DA24FDD}.Debug|Any CPU.ActiveCfg = Debug|Any CPU
		{E6C00282-DA9C-470C-9100-C35B4DA24FDD}.Debug|Any CPU.Build.0 = Debug|Any CPU
		{E6C00282-DA9C-470C-9100-C35B4DA24FDD}.Release|Any CPU.ActiveCfg = Release|Any CPU
		{E6C00282-DA9C-470C-9100-C35B4DA24FDD}.Release|Any CPU.Build.0 = Release|Any CPU
	EndGlobalSection
EndGlobal
